
Microsoft Visual Studio Solution File, Format Version 12.00
# Visual Studio 2013
VisualStudioVersion = 12.0.40629.0
MinimumVisualStudioVersion = 10.0.40219.1
Project("{FAE04EC0-301F-11D3-BF4B-00C04F79EFBC}") = "SimplePoker", "SimplePoker\SimplePoker.csproj", "{18936E96-A140-4406-9682-F7F17EEEC840}"
EndProject
Project("{FAE04EC0-301F-11D3-BF4B-00C04F79EFBC}") = "SimplePokerTests", "SimplePokerTests\SimplePokerTests.csproj", "{AC4FF6A7-A029-4907-AE9E-67AF79DB5718}"
EndProject
Global
	GlobalSection(SolutionConfigurationPlatforms) = preSolution
		Debug|Any CPU = Debug|Any CPU
		Release|Any CPU = Release|Any CPU
	EndGlobalSection
	GlobalSection(ProjectConfigurationPlatforms) = postSolution
		{18936E96-A140-4406-9682-F7F17EEEC840}.Debug|Any CPU.ActiveCfg = Debug|Any CPU
		{18936E96-A140-4406-9682-F7F17EEEC840}.Debug|Any CPU.Build.0 = Debug|Any CPU
		{18936E96-A140-4406-9682-F7F17EEEC840}.Release|Any CPU.ActiveCfg = Release|Any CPU
		{18936E96-A140-4406-9682-F7F17EEEC840}.Release|Any CPU.Build.0 = Release|Any CPU
		{AC4FF6A7-A029-4907-AE9E-67AF79DB5718}.Debug|Any CPU.ActiveCfg = Debug|Any CPU
		{AC4FF6A7-A029-4907-AE9E-67AF79DB5718}.Debug|Any CPU.Build.0 = Debug|Any CPU
		{AC4FF6A7-A029-4907-AE9E-67AF79DB5718}.Release|Any CPU.ActiveCfg = Release|Any CPU
		{AC4FF6A7-A029-4907-AE9E-67AF79DB5718}.Release|Any CPU.Build.0 = Release|Any CPU
	EndGlobalSection
	GlobalSection(SolutionProperties) = preSolution
		HideSolutionNode = FALSE
	EndGlobalSection
EndGlobal
